// !$*UTF8*$!
{
	archiveVersion = 1;
	classes = {
	};
	objectVersion = 46;
	objects = {

/* Begin PBXBuildFile section */
		EA1214BB1AA44F50004DD088 /* UIBarButtonItem+Extension.m in Sources */ = {isa = PBXBuildFile; fileRef = EA1214BA1AA44F50004DD088 /* UIBarButtonItem+Extension.m */; };
		EA80F64E1AA43A5F00E9CC87 /* HMDiscoverController.m in Sources */ = {isa = PBXBuildFile; fileRef = EA80F6231AA43A5F00E9CC87 /* HMDiscoverController.m */; };
		EA80F64F1AA43A5F00E9CC87 /* HMHomeController.m in Sources */ = {isa = PBXBuildFile; fileRef = EA80F6291AA43A5F00E9CC87 /* HMHomeController.m */; };
		EA80F6511AA43A5F00E9CC87 /* UIView+Extension.m in Sources */ = {isa = PBXBuildFile; fileRef = EA80F6311AA43A5F00E9CC87 /* UIView+Extension.m */; };
		EA80F6521AA43A5F00E9CC87 /* HMNavigationController.m in Sources */ = {isa = PBXBuildFile; fileRef = EA80F6341AA43A5F00E9CC87 /* HMNavigationController.m */; };
		EA80F6531AA43A5F00E9CC87 /* HMTabBarController.m in Sources */ = {isa = PBXBuildFile; fileRef = EA80F6361AA43A5F00E9CC87 /* HMTabBarController.m */; };
		EA80F6551AA43A5F00E9CC87 /* HMMessageCenterController.m in Sources */ = {isa = PBXBuildFile; fileRef = EA80F63E1AA43A5F00E9CC87 /* HMMessageCenterController.m */; };
		EA80F6561AA43A5F00E9CC87 /* HMProfileController.m in Sources */ = {isa = PBXBuildFile; fileRef = EA80F6441AA43A5F00E9CC87 /* HMProfileController.m */; };
		EA80F6571AA43A5F00E9CC87 /* HMTest1ViewController.m in Sources */ = {isa = PBXBuildFile; fileRef = EA80F6491AA43A5F00E9CC87 /* HMTest1ViewController.m */; };
		EA80F6581AA43A5F00E9CC87 /* HMTest1ViewController.xib in Resources */ = {isa = PBXBuildFile; fileRef = EA80F64A1AA43A5F00E9CC87 /* HMTest1ViewController.xib */; };
		EA80F6591AA43A5F00E9CC87 /* HMTest2ViewController.m in Sources */ = {isa = PBXBuildFile; fileRef = EA80F64C1AA43A5F00E9CC87 /* HMTest2ViewController.m */; };
		EA80F65A1AA43A5F00E9CC87 /* HMTest2ViewController.xib in Resources */ = {isa = PBXBuildFile; fileRef = EA80F64D1AA43A5F00E9CC87 /* HMTest2ViewController.xib */; };
		EA80F65F1AA43B3A00E9CC87 /* AppDelegate.m in Sources */ = {isa = PBXBuildFile; fileRef = EA80F65D1AA43B3A00E9CC87 /* AppDelegate.m */; };
		EA80F6601AA43B3A00E9CC87 /* main.m in Sources */ = {isa = PBXBuildFile; fileRef = EA80F65E1AA43B3A00E9CC87 /* main.m */; };
		EA83989A1AB1433900F5F073 /* HMTabBar.m in Sources */ = {isa = PBXBuildFile; fileRef = EA8398991AB1433900F5F073 /* HMTabBar.m */; };
		EABAEAF31AA89DAB000AB42F /* HMSearchBar.m in Sources */ = {isa = PBXBuildFile; fileRef = EABAEAF21AA89DAB000AB42F /* HMSearchBar.m */; };
		EAD2B3C01AAB370C005AFF27 /* HMDropDownMenu.m in Sources */ = {isa = PBXBuildFile; fileRef = EAD2B3BF1AAB370C005AFF27 /* HMDropDownMenu.m */; };
		EAD2B3C61AAB45A6005AFF27 /* HMDropDownMenuController.m in Sources */ = {isa = PBXBuildFile; fileRef = EAD2B3C51AAB45A6005AFF27 /* HMDropDownMenuController.m */; };
		EAEEDF3D1A95AD840029FF45 /* HMWeiBo.xcdatamodeld in Sources */ = {isa = PBXBuildFile; fileRef = EAEEDF3B1A95AD840029FF45 /* HMWeiBo.xcdatamodeld */; };
		EAEEDF451A95AD850029FF45 /* Images.xcassets in Resources */ = {isa = PBXBuildFile; fileRef = EAEEDF441A95AD850029FF45 /* Images.xcassets */; };
		EAEEDF541A95AD850029FF45 /* HMWeiBoTests.m in Sources */ = {isa = PBXBuildFile; fileRef = EAEEDF531A95AD850029FF45 /* HMWeiBoTests.m */; };
/* End PBXBuildFile section */

/* Begin PBXContainerItemProxy section */
		EAEEDF4E1A95AD850029FF45 /* PBXContainerItemProxy */ = {
			isa = PBXContainerItemProxy;
			containerPortal = EAEEDF291A95AD840029FF45 /* Project object */;
			proxyType = 1;
			remoteGlobalIDString = EAEEDF301A95AD840029FF45;
			remoteInfo = HMWeiBo;
		};
/* End PBXContainerItemProxy section */

/* Begin PBXFileReference section */
		EA1214B91AA44F50004DD088 /* UIBarButtonItem+Extension.h */ = {isa = PBXFileReference; fileEncoding = 4; lastKnownFileType = sourcecode.c.h; path = "UIBarButtonItem+Extension.h"; sourceTree = "<group>"; };
		EA1214BA1AA44F50004DD088 /* UIBarButtonItem+Extension.m */ = {isa = PBXFileReference; fileEncoding = 4; lastKnownFileType = sourcecode.c.objc; path = "UIBarButtonItem+Extension.m"; sourceTree = "<group>"; };
		EA80F6221AA43A5F00E9CC87 /* HMDiscoverController.h */ = {isa = PBXFileReference; fileEncoding = 4; lastKnownFileType = sourcecode.c.h; path = HMDiscoverController.h; sourceTree = "<group>"; };
		EA80F6231AA43A5F00E9CC87 /* HMDiscoverController.m */ = {isa = PBXFileReference; fileEncoding = 4; lastKnownFileType = sourcecode.c.objc; path = HMDiscoverController.m; sourceTree = "<group>"; };
		EA80F6281AA43A5F00E9CC87 /* HMHomeController.h */ = {isa = PBXFileReference; fileEncoding = 4; lastKnownFileType = sourcecode.c.h; path = HMHomeController.h; sourceTree = "<group>"; };
		EA80F6291AA43A5F00E9CC87 /* HMHomeController.m */ = {isa = PBXFileReference; fileEncoding = 4; lastKnownFileType = sourcecode.c.objc; path = HMHomeController.m; sourceTree = "<group>"; };
		EA80F6301AA43A5F00E9CC87 /* UIView+Extension.h */ = {isa = PBXFileReference; fileEncoding = 4; lastKnownFileType = sourcecode.c.h; path = "UIView+Extension.h"; sourceTree = "<group>"; };
		EA80F6311AA43A5F00E9CC87 /* UIView+Extension.m */ = {isa = PBXFileReference; fileEncoding = 4; lastKnownFileType = sourcecode.c.objc; path = "UIView+Extension.m"; sourceTree = "<group>"; };
		EA80F6331AA43A5F00E9CC87 /* HMNavigationController.h */ = {isa = PBXFileReference; fileEncoding = 4; lastKnownFileType = sourcecode.c.h; path = HMNavigationController.h; sourceTree = "<group>"; };
		EA80F6341AA43A5F00E9CC87 /* HMNavigationController.m */ = {isa = PBXFileReference; fileEncoding = 4; lastKnownFileType = sourcecode.c.objc; path = HMNavigationController.m; sourceTree = "<group>"; };
		EA80F6351AA43A5F00E9CC87 /* HMTabBarController.h */ = {isa = PBXFileReference; fileEncoding = 4; lastKnownFileType = sourcecode.c.h; path = HMTabBarController.h; sourceTree = "<group>"; };
		EA80F6361AA43A5F00E9CC87 /* HMTabBarController.m */ = {isa = PBXFileReference; fileEncoding = 4; lastKnownFileType = sourcecode.c.objc; path = HMTabBarController.m; sourceTree = "<group>"; };
		EA80F63D1AA43A5F00E9CC87 /* HMMessageCenterController.h */ = {isa = PBXFileReference; fileEncoding = 4; lastKnownFileType = sourcecode.c.h; path = HMMessageCenterController.h; sourceTree = "<group>"; };
		EA80F63E1AA43A5F00E9CC87 /* HMMessageCenterController.m */ = {isa = PBXFileReference; fileEncoding = 4; lastKnownFileType = sourcecode.c.objc; path = HMMessageCenterController.m; sourceTree = "<group>"; };
		EA80F6431AA43A5F00E9CC87 /* HMProfileController.h */ = {isa = PBXFileReference; fileEncoding = 4; lastKnownFileType = sourcecode.c.h; path = HMProfileController.h; sourceTree = "<group>"; };
		EA80F6441AA43A5F00E9CC87 /* HMProfileController.m */ = {isa = PBXFileReference; fileEncoding = 4; lastKnownFileType = sourcecode.c.objc; path = HMProfileController.m; sourceTree = "<group>"; };
		EA80F6481AA43A5F00E9CC87 /* HMTest1ViewController.h */ = {isa = PBXFileReference; fileEncoding = 4; lastKnownFileType = sourcecode.c.h; path = HMTest1ViewController.h; sourceTree = "<group>"; };
		EA80F6491AA43A5F00E9CC87 /* HMTest1ViewController.m */ = {isa = PBXFileReference; fileEncoding = 4; lastKnownFileType = sourcecode.c.objc; path = HMTest1ViewController.m; sourceTree = "<group>"; };
		EA80F64A1AA43A5F00E9CC87 /* HMTest1ViewController.xib */ = {isa = PBXFileReference; fileEncoding = 4; lastKnownFileType = file.xib; path = HMTest1ViewController.xib; sourceTree = "<group>"; };
		EA80F64B1AA43A5F00E9CC87 /* HMTest2ViewController.h */ = {isa = PBXFileReference; fileEncoding = 4; lastKnownFileType = sourcecode.c.h; path = HMTest2ViewController.h; sourceTree = "<group>"; };
		EA80F64C1AA43A5F00E9CC87 /* HMTest2ViewController.m */ = {isa = PBXFileReference; fileEncoding = 4; lastKnownFileType = sourcecode.c.objc; path = HMTest2ViewController.m; sourceTree = "<group>"; };
		EA80F64D1AA43A5F00E9CC87 /* HMTest2ViewController.xib */ = {isa = PBXFileReference; fileEncoding = 4; lastKnownFileType = file.xib; path = HMTest2ViewController.xib; sourceTree = "<group>"; };
		EA80F65C1AA43B3A00E9CC87 /* AppDelegate.h */ = {isa = PBXFileReference; fileEncoding = 4; lastKnownFileType = sourcecode.c.h; path = AppDelegate.h; sourceTree = "<group>"; };
		EA80F65D1AA43B3A00E9CC87 /* AppDelegate.m */ = {isa = PBXFileReference; fileEncoding = 4; lastKnownFileType = sourcecode.c.objc; path = AppDelegate.m; sourceTree = "<group>"; };
		EA80F65E1AA43B3A00E9CC87 /* main.m */ = {isa = PBXFileReference; fileEncoding = 4; lastKnownFileType = sourcecode.c.objc; path = main.m; sourceTree = "<group>"; };
		EA8398981AB1433900F5F073 /* HMTabBar.h */ = {isa = PBXFileReference; fileEncoding = 4; lastKnownFileType = sourcecode.c.h; path = HMTabBar.h; sourceTree = "<group>"; };
		EA8398991AB1433900F5F073 /* HMTabBar.m */ = {isa = PBXFileReference; fileEncoding = 4; lastKnownFileType = sourcecode.c.objc; path = HMTabBar.m; sourceTree = "<group>"; };
		EA991F191AA2BE04005FA9FD /* HMWeiBo.pch */ = {isa = PBXFileReference; lastKnownFileType = sourcecode.c.h; path = HMWeiBo.pch; sourceTree = SOURCE_ROOT; };
		EABAEAF11AA89DAB000AB42F /* HMSearchBar.h */ = {isa = PBXFileReference; fileEncoding = 4; lastKnownFileType = sourcecode.c.h; path = HMSearchBar.h; sourceTree = "<group>"; };
		EABAEAF21AA89DAB000AB42F /* HMSearchBar.m */ = {isa = PBXFileReference; fileEncoding = 4; lastKnownFileType = sourcecode.c.objc; path = HMSearchBar.m; sourceTree = "<group>"; };
		EAD2B3BE1AAB370C005AFF27 /* HMDropDownMenu.h */ = {isa = PBXFileReference; fileEncoding = 4; lastKnownFileType = sourcecode.c.h; path = HMDropDownMenu.h; sourceTree = "<group>"; };
		EAD2B3BF1AAB370C005AFF27 /* HMDropDownMenu.m */ = {isa = PBXFileReference; fileEncoding = 4; lastKnownFileType = sourcecode.c.objc; path = HMDropDownMenu.m; sourceTree = "<group>"; };
		EAD2B3C41AAB45A6005AFF27 /* HMDropDownMenuController.h */ = {isa = PBXFileReference; fileEncoding = 4; lastKnownFileType = sourcecode.c.h; path = HMDropDownMenuController.h; sourceTree = "<group>"; };
		EAD2B3C51AAB45A6005AFF27 /* HMDropDownMenuController.m */ = {isa = PBXFileReference; fileEncoding = 4; lastKnownFileType = sourcecode.c.objc; path = HMDropDownMenuController.m; sourceTree = "<group>"; };
		EAEEDF311A95AD840029FF45 /* HMWeiBo.app */ = {isa = PBXFileReference; explicitFileType = wrapper.application; includeInIndex = 0; path = HMWeiBo.app; sourceTree = BUILT_PRODUCTS_DIR; };
		EAEEDF351A95AD840029FF45 /* Info.plist */ = {isa = PBXFileReference; lastKnownFileType = text.plist.xml; path = Info.plist; sourceTree = "<group>"; };
		EAEEDF3C1A95AD840029FF45 /* HMWeiBo.xcdatamodel */ = {isa = PBXFileReference; lastKnownFileType = wrapper.xcdatamodel; path = HMWeiBo.xcdatamodel; sourceTree = "<group>"; };
		EAEEDF441A95AD850029FF45 /* Images.xcassets */ = {isa = PBXFileReference; lastKnownFileType = folder.assetcatalog; path = Images.xcassets; sourceTree = "<group>"; };
		EAEEDF4D1A95AD850029FF45 /* HMWeiBoTests.xctest */ = {isa = PBXFileReference; explicitFileType = wrapper.cfbundle; includeInIndex = 0; path = HMWeiBoTests.xctest; sourceTree = BUILT_PRODUCTS_DIR; };
		EAEEDF521A95AD850029FF45 /* Info.plist */ = {isa = PBXFileReference; lastKnownFileType = text.plist.xml; path = Info.plist; sourceTree = "<group>"; };
		EAEEDF531A95AD850029FF45 /* HMWeiBoTests.m */ = {isa = PBXFileReference; lastKnownFileType = sourcecode.c.objc; path = HMWeiBoTests.m; sourceTree = "<group>"; };
/* End PBXFileReference section */

/* Begin PBXFrameworksBuildPhase section */
		EAEEDF2E1A95AD840029FF45 /* Frameworks */ = {
			isa = PBXFrameworksBuildPhase;
			buildActionMask = 2147483647;
			files = (
			);
			runOnlyForDeploymentPostprocessing = 0;
		};
		EAEEDF4A1A95AD850029FF45 /* Frameworks */ = {
			isa = PBXFrameworksBuildPhase;
			buildActionMask = 2147483647;
			files = (
			);
			runOnlyForDeploymentPostprocessing = 0;
		};
/* End PBXFrameworksBuildPhase section */

/* Begin PBXGroup section */
		EA1214B51AA446A6004DD088 /* Lib */ = {
			isa = PBXGroup;
			children = (
			);
			path = Lib;
			sourceTree = "<group>";
		};
		EA80F6201AA43A5F00E9CC87 /* Discover */ = {
			isa = PBXGroup;
			children = (
				EA80F6211AA43A5F00E9CC87 /* Controller */,
				EA80F6241AA43A5F00E9CC87 /* Model */,
				EA80F6251AA43A5F00E9CC87 /* View */,
			);
			path = Discover;
			sourceTree = "<group>";
		};
		EA80F6211AA43A5F00E9CC87 /* Controller */ = {
			isa = PBXGroup;
			children = (
				EA80F6221AA43A5F00E9CC87 /* HMDiscoverController.h */,
				EA80F6231AA43A5F00E9CC87 /* HMDiscoverController.m */,
			);
			path = Controller;
			sourceTree = "<group>";
		};
		EA80F6241AA43A5F00E9CC87 /* Model */ = {
			isa = PBXGroup;
			children = (
			);
			path = Model;
			sourceTree = "<group>";
		};
		EA80F6251AA43A5F00E9CC87 /* View */ = {
			isa = PBXGroup;
			children = (
			);
			path = View;
			sourceTree = "<group>";
		};
		EA80F6261AA43A5F00E9CC87 /* Home */ = {
			isa = PBXGroup;
			children = (
				EA80F6271AA43A5F00E9CC87 /* Controller */,
				EA80F62A1AA43A5F00E9CC87 /* Model */,
				EA80F62B1AA43A5F00E9CC87 /* View */,
			);
			path = Home;
			sourceTree = "<group>";
		};
		EA80F6271AA43A5F00E9CC87 /* Controller */ = {
			isa = PBXGroup;
			children = (
				EA80F6281AA43A5F00E9CC87 /* HMHomeController.h */,
				EA80F6291AA43A5F00E9CC87 /* HMHomeController.m */,
				EAD2B3C41AAB45A6005AFF27 /* HMDropDownMenuController.h */,
				EAD2B3C51AAB45A6005AFF27 /* HMDropDownMenuController.m */,
			);
			path = Controller;
			sourceTree = "<group>";
		};
		EA80F62A1AA43A5F00E9CC87 /* Model */ = {
			isa = PBXGroup;
			children = (
			);
			path = Model;
			sourceTree = "<group>";
		};
		EA80F62B1AA43A5F00E9CC87 /* View */ = {
			isa = PBXGroup;
			children = (
			);
			path = View;
			sourceTree = "<group>";
		};
		EA80F62C1AA43A5F00E9CC87 /* Main */ = {
			isa = PBXGroup;
			children = (
				EA80F65B1AA43B3A00E9CC87 /* Other */,
				EA80F62F1AA43A5F00E9CC87 /* Category */,
				EA80F6321AA43A5F00E9CC87 /* Controller */,
				EA80F6391AA43A5F00E9CC87 /* Model */,
				EA80F63A1AA43A5F00E9CC87 /* View */,
			);
			path = Main;
			sourceTree = "<group>";
		};
		EA80F62F1AA43A5F00E9CC87 /* Category */ = {
			isa = PBXGroup;
			children = (
				EA80F6301AA43A5F00E9CC87 /* UIView+Extension.h */,
				EA80F6311AA43A5F00E9CC87 /* UIView+Extension.m */,
				EA1214B91AA44F50004DD088 /* UIBarButtonItem+Extension.h */,
				EA1214BA1AA44F50004DD088 /* UIBarButtonItem+Extension.m */,
			);
			path = Category;
			sourceTree = "<group>";
		};
		EA80F6321AA43A5F00E9CC87 /* Controller */ = {
			isa = PBXGroup;
			children = (
				EA80F6331AA43A5F00E9CC87 /* HMNavigationController.h */,
				EA80F6341AA43A5F00E9CC87 /* HMNavigationController.m */,
				EA80F6351AA43A5F00E9CC87 /* HMTabBarController.h */,
				EA80F6361AA43A5F00E9CC87 /* HMTabBarController.m */,
			);
			path = Controller;
			sourceTree = "<group>";
		};
		EA80F6391AA43A5F00E9CC87 /* Model */ = {
			isa = PBXGroup;
			children = (
			);
			path = Model;
			sourceTree = "<group>";
		};
		EA80F63A1AA43A5F00E9CC87 /* View */ = {
			isa = PBXGroup;
			children = (
				EABAEAF11AA89DAB000AB42F /* HMSearchBar.h */,
				EABAEAF21AA89DAB000AB42F /* HMSearchBar.m */,
				EAD2B3BE1AAB370C005AFF27 /* HMDropDownMenu.h */,
				EAD2B3BF1AAB370C005AFF27 /* HMDropDownMenu.m */,
				EA8398981AB1433900F5F073 /* HMTabBar.h */,
				EA8398991AB1433900F5F073 /* HMTabBar.m */,
			);
			path = View;
			sourceTree = "<group>";
		};
		EA80F63B1AA43A5F00E9CC87 /* MessageCenter */ = {
			isa = PBXGroup;
			children = (
				EA80F63C1AA43A5F00E9CC87 /* Controller */,
				EA80F63F1AA43A5F00E9CC87 /* Model */,
				EA80F6401AA43A5F00E9CC87 /* View */,
			);
			path = MessageCenter;
			sourceTree = "<group>";
		};
		EA80F63C1AA43A5F00E9CC87 /* Controller */ = {
			isa = PBXGroup;
			children = (
				EA80F63D1AA43A5F00E9CC87 /* HMMessageCenterController.h */,
				EA80F63E1AA43A5F00E9CC87 /* HMMessageCenterController.m */,
			);
			path = Controller;
			sourceTree = "<group>";
		};
		EA80F63F1AA43A5F00E9CC87 /* Model */ = {
			isa = PBXGroup;
			children = (
			);
			path = Model;
			sourceTree = "<group>";
		};
		EA80F6401AA43A5F00E9CC87 /* View */ = {
			isa = PBXGroup;
			children = (
			);
			path = View;
			sourceTree = "<group>";
		};
		EA80F6411AA43A5F00E9CC87 /* Profile */ = {
			isa = PBXGroup;
			children = (
				EA80F6421AA43A5F00E9CC87 /* Controller */,
				EA80F6451AA43A5F00E9CC87 /* Model */,
				EA80F6461AA43A5F00E9CC87 /* View */,
			);
			path = Profile;
			sourceTree = "<group>";
		};
		EA80F6421AA43A5F00E9CC87 /* Controller */ = {
			isa = PBXGroup;
			children = (
				EA80F6431AA43A5F00E9CC87 /* HMProfileController.h */,
				EA80F6441AA43A5F00E9CC87 /* HMProfileController.m */,
			);
			path = Controller;
			sourceTree = "<group>";
		};
		EA80F6451AA43A5F00E9CC87 /* Model */ = {
			isa = PBXGroup;
			children = (
			);
			path = Model;
			sourceTree = "<group>";
		};
		EA80F6461AA43A5F00E9CC87 /* View */ = {
			isa = PBXGroup;
			children = (
			);
			path = View;
			sourceTree = "<group>";
		};
		EA80F6471AA43A5F00E9CC87 /* Temp */ = {
			isa = PBXGroup;
			children = (
				EA80F6481AA43A5F00E9CC87 /* HMTest1ViewController.h */,
				EA80F6491AA43A5F00E9CC87 /* HMTest1ViewController.m */,
				EA80F64A1AA43A5F00E9CC87 /* HMTest1ViewController.xib */,
				EA80F64B1AA43A5F00E9CC87 /* HMTest2ViewController.h */,
				EA80F64C1AA43A5F00E9CC87 /* HMTest2ViewController.m */,
				EA80F64D1AA43A5F00E9CC87 /* HMTest2ViewController.xib */,
			);
			path = Temp;
			sourceTree = "<group>";
		};
		EA80F65B1AA43B3A00E9CC87 /* Other */ = {
			isa = PBXGroup;
			children = (
				EA80F65C1AA43B3A00E9CC87 /* AppDelegate.h */,
				EA80F65D1AA43B3A00E9CC87 /* AppDelegate.m */,
				EA80F65E1AA43B3A00E9CC87 /* main.m */,
			);
			path = Other;
			sourceTree = "<group>";
		};
		EAEEDF281A95AD840029FF45 = {
			isa = PBXGroup;
			children = (
				EAEEDF331A95AD840029FF45 /* HMWeiBo */,
				EAEEDF501A95AD850029FF45 /* HMWeiBoTests */,
				EAEEDF321A95AD840029FF45 /* Products */,
			);
			sourceTree = "<group>";
		};
		EAEEDF321A95AD840029FF45 /* Products */ = {
			isa = PBXGroup;
			children = (
				EAEEDF311A95AD840029FF45 /* HMWeiBo.app */,
				EAEEDF4D1A95AD850029FF45 /* HMWeiBoTests.xctest */,
			);
			name = Products;
			sourceTree = "<group>";
		};
		EAEEDF331A95AD840029FF45 /* HMWeiBo */ = {
			isa = PBXGroup;
			children = (
				EAEEDF5D1A95ADF70029FF45 /* classes */,
				EAEEDF341A95AD840029FF45 /* Supporting Files */,
			);
			path = HMWeiBo;
			sourceTree = "<group>";
		};
		EAEEDF341A95AD840029FF45 /* Supporting Files */ = {
			isa = PBXGroup;
			children = (
				EAEEDF3B1A95AD840029FF45 /* HMWeiBo.xcdatamodeld */,
				EA991F191AA2BE04005FA9FD /* HMWeiBo.pch */,
				EAEEDF441A95AD850029FF45 /* Images.xcassets */,
				EAEEDF351A95AD840029FF45 /* Info.plist */,
			);
			name = "Supporting Files";
			sourceTree = "<group>";
		};
		EAEEDF501A95AD850029FF45 /* HMWeiBoTests */ = {
			isa = PBXGroup;
			children = (
				EAEEDF531A95AD850029FF45 /* HMWeiBoTests.m */,
				EAEEDF511A95AD850029FF45 /* Supporting Files */,
			);
			path = HMWeiBoTests;
			sourceTree = "<group>";
		};
		EAEEDF511A95AD850029FF45 /* Supporting Files */ = {
			isa = PBXGroup;
			children = (
				EAEEDF521A95AD850029FF45 /* Info.plist */,
			);
			name = "Supporting Files";
			sourceTree = "<group>";
		};
		EAEEDF5D1A95ADF70029FF45 /* classes */ = {
			isa = PBXGroup;
			children = (
				EA1214B51AA446A6004DD088 /* Lib */,
				EA80F6201AA43A5F00E9CC87 /* Discover */,
				EA80F6261AA43A5F00E9CC87 /* Home */,
				EA80F62C1AA43A5F00E9CC87 /* Main */,
				EA80F63B1AA43A5F00E9CC87 /* MessageCenter */,
				EA80F6411AA43A5F00E9CC87 /* Profile */,
				EA80F6471AA43A5F00E9CC87 /* Temp */,
			);
			path = classes;
			sourceTree = "<group>";
		};
/* End PBXGroup section */

/* Begin PBXNativeTarget section */
		EAEEDF301A95AD840029FF45 /* HMWeiBo */ = {
			isa = PBXNativeTarget;
			buildConfigurationList = EAEEDF571A95AD850029FF45 /* Build configuration list for PBXNativeTarget "HMWeiBo" */;
			buildPhases = (
				EAEEDF2D1A95AD840029FF45 /* Sources */,
				EAEEDF2E1A95AD840029FF45 /* Frameworks */,
				EAEEDF2F1A95AD840029FF45 /* Resources */,
			);
			buildRules = (
			);
			dependencies = (
			);
			name = HMWeiBo;
			productName = HMWeiBo;
			productReference = EAEEDF311A95AD840029FF45 /* HMWeiBo.app */;
			productType = "com.apple.product-type.application";
		};
		EAEEDF4C1A95AD850029FF45 /* HMWeiBoTests */ = {
			isa = PBXNativeTarget;
			buildConfigurationList = EAEEDF5A1A95AD850029FF45 /* Build configuration list for PBXNativeTarget "HMWeiBoTests" */;
			buildPhases = (
				EAEEDF491A95AD850029FF45 /* Sources */,
				EAEEDF4A1A95AD850029FF45 /* Frameworks */,
				EAEEDF4B1A95AD850029FF45 /* Resources */,
			);
			buildRules = (
			);
			dependencies = (
				EAEEDF4F1A95AD850029FF45 /* PBXTargetDependency */,
			);
			name = HMWeiBoTests;
			productName = HMWeiBoTests;
			productReference = EAEEDF4D1A95AD850029FF45 /* HMWeiBoTests.xctest */;
			productType = "com.apple.product-type.bundle.unit-test";
		};
/* End PBXNativeTarget section */

/* Begin PBXProject section */
		EAEEDF291A95AD840029FF45 /* Project object */ = {
			isa = PBXProject;
			attributes = {
				LastUpgradeCheck = 0610;
				ORGANIZATIONNAME = JsonWang;
				TargetAttributes = {
					EAEEDF301A95AD840029FF45 = {
						CreatedOnToolsVersion = 6.1;
					};
					EAEEDF4C1A95AD850029FF45 = {
						CreatedOnToolsVersion = 6.1;
						TestTargetID = EAEEDF301A95AD840029FF45;
					};
				};
			};
			buildConfigurationList = EAEEDF2C1A95AD840029FF45 /* Build configuration list for PBXProject "HMWeiBo" */;
			compatibilityVersion = "Xcode 3.2";
			developmentRegion = English;
			hasScannedForEncodings = 0;
			knownRegions = (
				en,
				Base,
			);
			mainGroup = EAEEDF281A95AD840029FF45;
			productRefGroup = EAEEDF321A95AD840029FF45 /* Products */;
			projectDirPath = "";
			projectRoot = "";
			targets = (
				EAEEDF301A95AD840029FF45 /* HMWeiBo */,
				EAEEDF4C1A95AD850029FF45 /* HMWeiBoTests */,
			);
		};
/* End PBXProject section */

/* Begin PBXResourcesBuildPhase section */
		EAEEDF2F1A95AD840029FF45 /* Resources */ = {
			isa = PBXResourcesBuildPhase;
			buildActionMask = 2147483647;
			files = (
				EAEEDF451A95AD850029FF45 /* Images.xcassets in Resources */,
				EA80F65A1AA43A5F00E9CC87 /* HMTest2ViewController.xib in Resources */,
				EA80F6581AA43A5F00E9CC87 /* HMTest1ViewController.xib in Resources */,
			);
			runOnlyForDeploymentPostprocessing = 0;
		};
		EAEEDF4B1A95AD850029FF45 /* Resources */ = {
			isa = PBXResourcesBuildPhase;
			buildActionMask = 2147483647;
			files = (
			);
			runOnlyForDeploymentPostprocessing = 0;
		};
/* End PBXResourcesBuildPhase section */

/* Begin PBXSourcesBuildPhase section */
		EAEEDF2D1A95AD840029FF45 /* Sources */ = {
			isa = PBXSourcesBuildPhase;
			buildActionMask = 2147483647;
			files = (
				EAD2B3C61AAB45A6005AFF27 /* HMDropDownMenuController.m in Sources */,
				EA80F65F1AA43B3A00E9CC87 /* AppDelegate.m in Sources */,
				EA80F6591AA43A5F00E9CC87 /* HMTest2ViewController.m in Sources */,
				EA80F6511AA43A5F00E9CC87 /* UIView+Extension.m in Sources */,
				EA80F6521AA43A5F00E9CC87 /* HMNavigationController.m in Sources */,
				EAD2B3C01AAB370C005AFF27 /* HMDropDownMenu.m in Sources */,
				EABAEAF31AA89DAB000AB42F /* HMSearchBar.m in Sources */,
				EA80F6551AA43A5F00E9CC87 /* HMMessageCenterController.m in Sources */,
				EA80F6561AA43A5F00E9CC87 /* HMProfileController.m in Sources */,
				EAEEDF3D1A95AD840029FF45 /* HMWeiBo.xcdatamodeld in Sources */,
				EA1214BB1AA44F50004DD088 /* UIBarButtonItem+Extension.m in Sources */,
				EA80F64F1AA43A5F00E9CC87 /* HMHomeController.m in Sources */,
				EA80F6531AA43A5F00E9CC87 /* HMTabBarController.m in Sources */,
				EA80F64E1AA43A5F00E9CC87 /* HMDiscoverController.m in Sources */,
				EA80F6601AA43B3A00E9CC87 /* main.m in Sources */,
				EA83989A1AB1433900F5F073 /* HMTabBar.m in Sources */,
				EA80F6571AA43A5F00E9CC87 /* HMTest1ViewController.m in Sources */,
			);
			runOnlyForDeploymentPostprocessing = 0;
		};
		EAEEDF491A95AD850029FF45 /* Sources */ = {
			isa = PBXSourcesBuildPhase;
			buildActionMask = 2147483647;
			files = (
				EAEEDF541A95AD850029FF45 /* HMWeiBoTests.m in Sources */,
			);
			runOnlyForDeploymentPostprocessing = 0;
		};
/* End PBXSourcesBuildPhase section */

/* Begin PBXTargetDependency section */
		EAEEDF4F1A95AD850029FF45 /* PBXTargetDependency */ = {
			isa = PBXTargetDependency;
			target = EAEEDF301A95AD840029FF45 /* HMWeiBo */;
			targetProxy = EAEEDF4E1A95AD850029FF45 /* PBXContainerItemProxy */;
		};
/* End PBXTargetDependency section */

/* Begin XCBuildConfiguration section */
		EAEEDF551A95AD850029FF45 /* Debug */ = {
			isa = XCBuildConfiguration;
			buildSettings = {
				ALWAYS_SEARCH_USER_PATHS = NO;
				CLANG_CXX_LANGUAGE_STANDARD = "gnu++0x";
				CLANG_CXX_LIBRARY = "libc++";
				CLANG_ENABLE_MODULES = YES;
				CLANG_ENABLE_OBJC_ARC = YES;
				CLANG_WARN_BOOL_CONVERSION = YES;
				CLANG_WARN_CONSTANT_CONVERSION = YES;
				CLANG_WARN_DIRECT_OBJC_ISA_USAGE = YES_ERROR;
				CLANG_WARN_EMPTY_BODY = YES;
				CLANG_WARN_ENUM_CONVERSION = YES;
				CLANG_WARN_INT_CONVERSION = YES;
				CLANG_WARN_OBJC_ROOT_CLASS = YES_ERROR;
				CLANG_WARN_UNREACHABLE_CODE = YES;
				CLANG_WARN__DUPLICATE_METHOD_MATCH = YES;
				"CODE_SIGN_IDENTITY[sdk=iphoneos*]" = "iPhone Developer";
				COPY_PHASE_STRIP = NO;
				ENABLE_STRICT_OBJC_MSGSEND = YES;
				GCC_C_LANGUAGE_STANDARD = gnu99;
				GCC_DYNAMIC_NO_PIC = NO;
				GCC_OPTIMIZATION_LEVEL = 0;
				GCC_PRECOMPILE_PREFIX_HEADER = YES;
				GCC_PREFIX_HEADER = HMWeiBo.pch;
				GCC_PREPROCESSOR_DEFINITIONS = (
					"DEBUG=1",
					"$(inherited)",
				);
				GCC_SYMBOLS_PRIVATE_EXTERN = NO;
				GCC_WARN_64_TO_32_BIT_CONVERSION = YES;
				GCC_WARN_ABOUT_RETURN_TYPE = YES_ERROR;
				GCC_WARN_UNDECLARED_SELECTOR = YES;
				GCC_WARN_UNINITIALIZED_AUTOS = YES_AGGRESSIVE;
				GCC_WARN_UNUSED_FUNCTION = YES;
				GCC_WARN_UNUSED_VARIABLE = YES;
				IPHONEOS_DEPLOYMENT_TARGET = 8.1;
				MTL_ENABLE_DEBUG_INFO = YES;
				ONLY_ACTIVE_ARCH = YES;
				SDKROOT = iphoneos;
			};
			name = Debug;
		};
		EAEEDF561A95AD850029FF45 /* Release */ = {
			isa = XCBuildConfiguration;
			buildSettings = {
				ALWAYS_SEARCH_USER_PATHS = NO;
				CLANG_CXX_LANGUAGE_STANDARD = "gnu++0x";
				CLANG_CXX_LIBRARY = "libc++";
				CLANG_ENABLE_MODULES = YES;
				CLANG_ENABLE_OBJC_ARC = YES;
				CLANG_WARN_BOOL_CONVERSION = YES;
				CLANG_WARN_CONSTANT_CONVERSION = YES;
				CLANG_WARN_DIRECT_OBJC_ISA_USAGE = YES_ERROR;
				CLANG_WARN_EMPTY_BODY = YES;
				CLANG_WARN_ENUM_CONVERSION = YES;
				CLANG_WARN_INT_CONVERSION = YES;
				CLANG_WARN_OBJC_ROOT_CLASS = YES_ERROR;
				CLANG_WARN_UNREACHABLE_CODE = YES;
				CLANG_WARN__DUPLICATE_METHOD_MATCH = YES;
				"CODE_SIGN_IDENTITY[sdk=iphoneos*]" = "iPhone Developer";
				COPY_PHASE_STRIP = YES;
				ENABLE_NS_ASSERTIONS = NO;
				ENABLE_STRICT_OBJC_MSGSEND = YES;
				GCC_C_LANGUAGE_STANDARD = gnu99;
				GCC_PRECOMPILE_PREFIX_HEADER = YES;
				GCC_PREFIX_HEADER = HMWeiBo.pch;
				GCC_WARN_64_TO_32_BIT_CONVERSION = YES;
				GCC_WARN_ABOUT_RETURN_TYPE = YES_ERROR;
				GCC_WARN_UNDECLARED_SELECTOR = YES;
				GCC_WARN_UNINITIALIZED_AUTOS = YES_AGGRESSIVE;
				GCC_WARN_UNUSED_FUNCTION = YES;
				GCC_WARN_UNUSED_VARIABLE = YES;
				IPHONEOS_DEPLOYMENT_TARGET = 8.1;
				MTL_ENABLE_DEBUG_INFO = NO;
				SDKROOT = iphoneos;
				VALIDATE_PRODUCT = YES;
			};
			name = Release;
		};
		EAEEDF581A95AD850029FF45 /* Debug */ = {
			isa = XCBuildConfiguration;
			buildSettings = {
				ASSETCATALOG_COMPILER_APPICON_NAME = AppIcon;
				INFOPLIST_FILE = HMWeiBo/Info.plist;
				IPHONEOS_DEPLOYMENT_TARGET = 7.1;
				LD_RUNPATH_SEARCH_PATHS = "$(inherited) @executable_path/Frameworks";
				PRODUCT_NAME = "$(TARGET_NAME)";
			};
			name = Debug;
		};
		EAEEDF591A95AD850029FF45 /* Release */ = {
			isa = XCBuildConfiguration;
			buildSettings = {
				ASSETCATALOG_COMPILER_APPICON_NAME = AppIcon;
				INFOPLIST_FILE = HMWeiBo/Info.plist;
				IPHONEOS_DEPLOYMENT_TARGET = 7.1;
				LD_RUNPATH_SEARCH_PATHS = "$(inherited) @executable_path/Frameworks";
				PRODUCT_NAME = "$(TARGET_NAME)";
			};
			name = Release;
		};
		EAEEDF5B1A95AD850029FF45 /* Debug */ = {
			isa = XCBuildConfiguration;
			buildSettings = {
				BUNDLE_LOADER = "$(TEST_HOST)";
				FRAMEWORK_SEARCH_PATHS = (
					"$(SDKROOT)/Developer/Library/Frameworks",
					"$(inherited)",
				);
				GCC_PREPROCESSOR_DEFINITIONS = (
					"DEBUG=1",
					"$(inherited)",
				);
				INFOPLIST_FILE = HMWeiBoTests/Info.plist;
				LD_RUNPATH_SEARCH_PATHS = "$(inherited) @executable_path/Frameworks @loader_path/Frameworks";
				PRODUCT_NAME = "$(TARGET_NAME)";
				TEST_HOST = "$(BUILT_PRODUCTS_DIR)/HMWeiBo.app/HMWeiBo";
			};
			name = Debug;
		};
		EAEEDF5C1A95AD850029FF45 /* Release */ = {
			isa = XCBuildConfiguration;
			buildSettings = {
				BUNDLE_LOADER = "$(TEST_HOST)";
				FRAMEWORK_SEARCH_PATHS = (
					"$(SDKROOT)/Developer/Library/Frameworks",
					"$(inherited)",
				);
				INFOPLIST_FILE = HMWeiBoTests/Info.plist;
				LD_RUNPATH_SEARCH_PATHS = "$(inherited) @executable_path/Frameworks @loader_path/Frameworks";
				PRODUCT_NAME = "$(TARGET_NAME)";
				TEST_HOST = "$(BUILT_PRODUCTS_DIR)/HMWeiBo.app/HMWeiBo";
			};
			name = Release;
		};
/* End XCBuildConfiguration section */

/* Begin XCConfigurationList section */
		EAEEDF2C1A95AD840029FF45 /* Build configuration list for PBXProject "HMWeiBo" */ = {
			isa = XCConfigurationList;
			buildConfigurations = (
				EAEEDF551A95AD850029FF45 /* Debug */,
				EAEEDF561A95AD850029FF45 /* Release */,
			);
			defaultConfigurationIsVisible = 0;
			defaultConfigurationName = Release;
		};
		EAEEDF571A95AD850029FF45 /* Build configuration list for PBXNativeTarget "HMWeiBo" */ = {
			isa = XCConfigurationList;
			buildConfigurations = (
				EAEEDF581A95AD850029FF45 /* Debug */,
				EAEEDF591A95AD850029FF45 /* Release */,
			);
			defaultConfigurationIsVisible = 0;
			defaultConfigurationName = Release;
		};
		EAEEDF5A1A95AD850029FF45 /* Build configuration list for PBXNativeTarget "HMWeiBoTests" */ = {
			isa = XCConfigurationList;
			buildConfigurations = (
				EAEEDF5B1A95AD850029FF45 /* Debug */,
				EAEEDF5C1A95AD850029FF45 /* Release */,
			);
			defaultConfigurationIsVisible = 0;
			defaultConfigurationName = Release;
		};
/* End XCConfigurationList section */

/* Begin XCVersionGroup section */
		EAEEDF3B1A95AD840029FF45 /* HMWeiBo.xcdatamodeld */ = {
			isa = XCVersionGroup;
			children = (
				EAEEDF3C1A95AD840029FF45 /* HMWeiBo.xcdatamodel */,
			);
			currentVersion = EAEEDF3C1A95AD840029FF45 /* HMWeiBo.xcdatamodel */;
			path = HMWeiBo.xcdatamodeld;
			sourceTree = "<group>";
			versionGroupType = wrapper.xcdatamodel;
		};
/* End XCVersionGroup section */
	};
	rootObject = EAEEDF291A95AD840029FF45 /* Project object */;
}
